
Microsoft Visual Studio Solution File, Format Version 12.00
# Visual Studio Version 16
VisualStudioVersion = 16.0.30804.86
MinimumVisualStudioVersion = 10.0.40219.1
Project("{9A19103F-16F7-4668-BE54-9A1E7A4F7556}") = "DavrBank.AuthorizationApi", "DavrBank.AuthorizationApi\DavrBank.AuthorizationApi.csproj", "{DC63D0C9-33B4-4886-AD37-0F770FE2BD88}"
EndProject
Project("{FAE04EC0-301F-11D3-BF4B-00C04F79EFBC}") = "VASHApi", "VASHApi\VASHApi.csproj", "{FD32B9B7-C258-4282-8F05-51379209AFF9}"
EndProject
Global
	GlobalSection(SolutionConfigurationPlatforms) = preSolution
		Debug|Any CPU = Debug|Any CPU
		Release|Any CPU = Release|Any CPU
	EndGlobalSection
	GlobalSection(ProjectConfigurationPlatforms) = postSolution
		{DC63D0C9-33B4-4886-AD37-0F770FE2BD88}.Debug|Any CPU.ActiveCfg = Debug|Any CPU
		{DC63D0C9-33B4-4886-AD37-0F770FE2BD88}.Debug|Any CPU.Build.0 = Debug|Any CPU
		{DC63D0C9-33B4-4886-AD37-0F770FE2BD88}.Release|Any CPU.ActiveCfg = Release|Any CPU
		{DC63D0C9-33B4-4886-AD37-0F770FE2BD88}.Release|Any CPU.Build.0 = Release|Any CPU
		{FD32B9B7-C258-4282-8F05-51379209AFF9}.Debug|Any CPU.ActiveCfg = Debug|Any CPU
		{FD32B9B7-C258-4282-8F05-51379209AFF9}.Debug|Any CPU.Build.0 = Debug|Any CPU
		{FD32B9B7-C258-4282-8F05-51379209AFF9}.Release|Any CPU.ActiveCfg = Release|Any CPU
		{FD32B9B7-C258-4282-8F05-51379209AFF9}.Release|Any CPU.Build.0 = Release|Any CPU
	EndGlobalSection
	GlobalSection(SolutionProperties) = preSolution
		HideSolutionNode = FALSE
	EndGlobalSection
	GlobalSection(ExtensibilityGlobals) = postSolution
		SolutionGuid = {828B4497-0C52-4393-B451-46ADC020D5BB}
	EndGlobalSection
EndGlobal
